
Microsoft Visual Studio Solution File, Format Version 12.00
# Visual Studio Version 16
VisualStudioVersion = 16.0.28922.388
MinimumVisualStudioVersion = 10.0.40219.1
Project("{FAE04EC0-301F-11D3-BF4B-00C04F79EFBC}") = "Pluralsight_Download", "Pluralsight_Download\Pluralsight_Download.csproj", "{F4336542-525F-4DDD-85AE-AD9CE6922C52}"
EndProject
Project("{FAE04EC0-301F-11D3-BF4B-00C04F79EFBC}") = "THttpWebRequest", "THttpWebRequest\THttpWebRequest.csproj", "{F458EB16-5116-47DA-809C-4745827D88D0}"
EndProject
Global
	GlobalSection(SolutionConfigurationPlatforms) = preSolution
		Debug|Any CPU = Debug|Any CPU
		Release|Any CPU = Release|Any CPU
	EndGlobalSection
	GlobalSection(ProjectConfigurationPlatforms) = postSolution
		{F4336542-525F-4DDD-85AE-AD9CE6922C52}.Debug|Any CPU.ActiveCfg = Debug|Any CPU
		{F4336542-525F-4DDD-85AE-AD9CE6922C52}.Debug|Any CPU.Build.0 = Debug|Any CPU
		{F4336542-525F-4DDD-85AE-AD9CE6922C52}.Release|Any CPU.ActiveCfg = Release|Any CPU
		{F4336542-525F-4DDD-85AE-AD9CE6922C52}.Release|Any CPU.Build.0 = Release|Any CPU
		{F458EB16-5116-47DA-809C-4745827D88D0}.Debug|Any CPU.ActiveCfg = Debug|Any CPU
		{F458EB16-5116-47DA-809C-4745827D88D0}.Debug|Any CPU.Build.0 = Debug|Any CPU
		{F458EB16-5116-47DA-809C-4745827D88D0}.Release|Any CPU.ActiveCfg = Release|Any CPU
		{F458EB16-5116-47DA-809C-4745827D88D0}.Release|Any CPU.Build.0 = Release|Any CPU
	EndGlobalSection
	GlobalSection(SolutionProperties) = preSolution
		HideSolutionNode = FALSE
	EndGlobalSection
	GlobalSection(ExtensibilityGlobals) = postSolution
		SolutionGuid = {D13D9AE2-229E-40DB-8E57-1AB0406F3BC3}
	EndGlobalSection
EndGlobal
